Microsoft Visual Studio Solution File, Format Version 12.00
# Visual Studio Version 17
VisualStudioVersion = 17.11.34929.205
MinimumVisualStudioVersion = 10.0.40219.1
Project("{9A19103F-16F7-4668-BE54-9A1E7A4F7556}") = "XFEExtension.NetCore.AutoPath", "XFEExtension.NetCore.AutoPath\XFEExtension.NetCore.AutoPath.csproj", "{5AE91819-3D1B-497A-8910-28182ACE3053}"
	ProjectSection(ProjectDependencies) = postProject
		{F1215C28-AB1D-4DE3-8546-31F21E283AA1} = {F1215C28-AB1D-4DE3-8546-31F21E283AA1}
	EndProjectSection
EndProject
Project("{9A19103F-16F7-4668-BE54-9A1E7A4F7556}") = "XFEExtension.NetCore.AutoPath.Analyzer", "XFEExtension.NetCore.AutoPath.Analyzer\XFEExtension.NetCore.AutoPath.Analyzer.csproj", "{F1215C28-AB1D-4DE3-8546-31F21E283AA1}"
EndProject
Global
	GlobalSection(ExtensibilityGlobals) = postSolution
		SolutionGuid = {90AADC1F-6681-41B3-88DF-16A19E421FF8}
	EndGlobalSection
	GlobalSection(ProjectConfigurationPlatforms) = postSolution
		{5AE91819-3D1B-497A-8910-28182ACE3053}.Debug|Any CPU.ActiveCfg = Debug|Any CPU
		{5AE91819-3D1B-497A-8910-28182ACE3053}.Debug|Any CPU.Build.0 = Debug|Any CPU
		{5AE91819-3D1B-497A-8910-28182ACE3053}.Release|Any CPU.ActiveCfg = Release|Any CPU
		{5AE91819-3D1B-497A-8910-28182ACE3053}.Release|Any CPU.Build.0 = Release|Any CPU
		{F1215C28-AB1D-4DE3-8546-31F21E283AA1}.Debug|Any CPU.ActiveCfg = Debug|Any CPU
		{F1215C28-AB1D-4DE3-8546-31F21E283AA1}.Debug|Any CPU.Build.0 = Debug|Any CPU
		{F1215C28-AB1D-4DE3-8546-31F21E283AA1}.Release|Any CPU.ActiveCfg = Release|Any CPU
		{F1215C28-AB1D-4DE3-8546-31F21E283AA1}.Release|Any CPU.Build.0 = Release|Any CPU
	EndGlobalSection
	GlobalSection(SolutionConfigurationPlatforms) = preSolution
		Debug|Any CPU = Debug|Any CPU
		Release|Any CPU = Release|Any CPU
	EndGlobalSection
	GlobalSection(SolutionProperties) = preSolution
		HideSolutionNode = FALSE
	EndGlobalSection
EndGlobal
